# THIS IS AN AUTOGENERATED FILE. DO NOT EDIT THIS FILE DIRECTLY.
# yarn lockfile v1


event-propagation-path@^1.0.5:
  version "1.0.5"
  resolved "https://registry.yarnpkg.com/event-propagation-path/-/event-propagation-path-1.0.5.tgz#1eeffa9878c9043e314849cbfa275c7e6e8f15fc"
  integrity sha512-1/UU/xRPq3h/7UrWejsYj3ZzJtEA3FdUxKZtWjQ26KLy6yDXxtD+z1wP5mdE+BrlZAIHk7W7cGyG1uaV/Cpstg==

hammerjs@^2.0.8:
  version "2.0.8"
  resolved "https://registry.yarnpkg.com/hammerjs/-/hammerjs-2.0.8.tgz#04ef77862cff2bb79d30f7692095930222bf60f1"
  integrity sha1-BO93hiz/K7edMPdpIJWTAiK/YPE=

lodash@^4.17.15:
  version "4.17.15"
  resolved "https://registry.yarnpkg.com/lodash/-/lodash-4.17.15.tgz#b447f6670a0455bbfeedd11392eff330ea097548"
  integrity sha512-8xOcRHvCjnocdS5cpwXQXVzmmh5e5+saE2QGoeQmbKmRS6J3VQppPOIt0MnmE+4xlZoumy0GPG0D0MVIQbNA1A==

propagating-hammerjs@^1.4.7:
  version "1.4.7"
  resolved "https://registry.yarnpkg.com/propagating-hammerjs/-/propagating-hammerjs-1.4.7.tgz#671ab1791a7f88b9dccce8fd8b14a9655950e7d6"
  integrity sha512-oW9Wd+W2Tp5uOz6Fh4mEU7p+FoyU85smLH/mPga83Loh0pHa6AH4ZHGywvwMk3TWP31l7iUsvJyW265p4Ipwrg==
  dependencies:
    hammerjs "^2.0.8"
